{
  "originHash" : "2ede7cf5c07f7784d3c7938e7533115024726a218d3ba1fb1f8a20c5c0c2057c",
  "pins" : [
    {
      "identity" : "timescoutcore",
      "kind" : "remoteSourceControl",
      "location" : "git@github.com:Chevel/TimeScoutCore.git",
      "state" : {
        "revision" : "cd064306ca5be87e271c8bcc03007b9f1873f8b8",
        "version" : "1.0.0"
      }
    }
  ],
  "version" : 3
}
