{
  "originHash" : "20e71dd81b259123a808b5e8fe4f62685c471fe077f0bc064d28715095cf5f27",
  "pins" : [
    {
      "identity" : "timescoutcore",
      "kind" : "remoteSourceControl",
      "location" : "git@github.com:Chevel/TimeScoutCore.git",
      "state" : {
        "revision" : "50e3e24666d03f56c726adc774b1307b1530710d",
        "version" : "1.0.1"
      }
    }
  ],
  "version" : 3
}
